
Microsoft Visual Studio Solution File, Format Version 12.00
# Visual Studio Version 16
VisualStudioVersion = 16.0.28803.156
MinimumVisualStudioVersion = 10.0.40219.1
Project("{9A19103F-16F7-4668-BE54-9A1E7A4F7556}") = "PasqualiniLibrary", "PasqualiniLibrary\PasqualiniLibrary.csproj", "{872FD648-CD95-47BC-8F41-3F13AF04F187}"
EndProject
Project("{FAE04EC0-301F-11D3-BF4B-00C04F79EFBC}") = "XUnitTestProject", "XUnitTestProject\XUnitTestProject.csproj", "{3C06C135-A631-4145-9B07-F176D245670E}"
EndProject
Global
	GlobalSection(SolutionConfigurationPlatforms) = preSolution
		Debug|Any CPU = Debug|Any CPU
		Release|Any CPU = Release|Any CPU
	EndGlobalSection
	GlobalSection(ProjectConfigurationPlatforms) = postSolution
		{872FD648-CD95-47BC-8F41-3F13AF04F187}.Debug|Any CPU.ActiveCfg = Debug|Any CPU
		{872FD648-CD95-47BC-8F41-3F13AF04F187}.Debug|Any CPU.Build.0 = Debug|Any CPU
		{872FD648-CD95-47BC-8F41-3F13AF04F187}.Release|Any CPU.ActiveCfg = Release|Any CPU
		{872FD648-CD95-47BC-8F41-3F13AF04F187}.Release|Any CPU.Build.0 = Release|Any CPU
		{3C06C135-A631-4145-9B07-F176D245670E}.Debug|Any CPU.ActiveCfg = Debug|Any CPU
		{3C06C135-A631-4145-9B07-F176D245670E}.Debug|Any CPU.Build.0 = Debug|Any CPU
		{3C06C135-A631-4145-9B07-F176D245670E}.Release|Any CPU.ActiveCfg = Release|Any CPU
		{3C06C135-A631-4145-9B07-F176D245670E}.Release|Any CPU.Build.0 = Release|Any CPU
	EndGlobalSection
	GlobalSection(SolutionProperties) = preSolution
		HideSolutionNode = FALSE
	EndGlobalSection
	GlobalSection(ExtensibilityGlobals) = postSolution
		SolutionGuid = {E302C9F0-334F-4651-BA74-832C6E3A36E3}
	EndGlobalSection
EndGlobal
